# This file was autogenerated by uv via the following command:
#    uv pip compile pyproject.toml --extra dev -o requirements-dev.lock
aniso8601==10.0.1
    # via
    #   naas (pyproject.toml)
    #   flask-restful
asttokens==3.0.1
    # via stack-data
bcrypt==5.0.0
    # via
    #   naas (pyproject.toml)
    #   paramiko
black==26.1.0
    # via naas (pyproject.toml)
blinker==1.9.0
    # via flask
cffi==2.0.0
    # via
    #   cryptography
    #   pynacl
cfgv==3.5.0
    # via pre-commit
click==8.3.1
    # via
    #   black
    #   flask
    #   rq
coverage==7.13.4
    # via pytest-cov
croniter==6.0.0
    # via rq
cryptography==46.0.5
    # via
    #   naas (pyproject.toml)
    #   paramiko
decorator==5.2.1
    # via ipython
distlib==0.4.0
    # via virtualenv
executing==2.2.1
    # via stack-data
fakeredis==2.34.0
    # via naas (pyproject.toml)
filelock==3.24.3
    # via virtualenv
flask==3.1.3
    # via
    #   naas (pyproject.toml)
    #   flask-restful
    #   pytest-flask
flask-restful==0.3.10
    # via naas (pyproject.toml)
gunicorn==25.1.0
    # via naas (pyproject.toml)
identify==2.6.16
    # via pre-commit
iniconfig==2.3.0
    # via pytest
invoke==2.2.1
    # via paramiko
ipython==9.10.0
    # via naas (pyproject.toml)
ipython-pygments-lexers==1.1.1
    # via ipython
itsdangerous==2.2.0
    # via flask
jedi==0.19.2
    # via ipython
jinja2==3.1.6
    # via flask
librt==0.8.1
    # via mypy
markdown-it-py==4.0.0
    # via rich
markupsafe==3.0.3
    # via
    #   flask
    #   jinja2
    #   werkzeug
matplotlib-inline==0.2.1
    # via ipython
mdurl==0.1.2
    # via markdown-it-py
mypy==1.19.1
    # via naas (pyproject.toml)
mypy-extensions==1.1.0
    # via
    #   black
    #   mypy
netmiko==4.6.0
    # via naas (pyproject.toml)
nodeenv==1.10.0
    # via pre-commit
ntc-templates==9.0.0
    # via netmiko
packaging==26.0
    # via
    #   black
    #   gunicorn
    #   pytest
paramiko==4.0.0
    # via
    #   naas (pyproject.toml)
    #   netmiko
    #   scp
parso==0.8.6
    # via jedi
pathspec==1.0.4
    # via
    #   black
    #   mypy
pexpect==4.9.0
    # via ipython
platformdirs==4.9.2
    # via
    #   black
    #   virtualenv
pluggy==1.6.0
    # via
    #   pytest
    #   pytest-cov
pre-commit==4.5.1
    # via naas (pyproject.toml)
prompt-toolkit==3.0.52
    # via ipython
ptyprocess==0.7.0
    # via pexpect
pure-eval==0.2.3
    # via stack-data
pycparser==3.0
    # via cffi
pygments==2.19.2
    # via
    #   ipython
    #   ipython-pygments-lexers
    #   pytest
    #   rich
pynacl==1.6.2
    # via paramiko
pyserial==3.5
    # via
    #   naas (pyproject.toml)
    #   netmiko
pytest==9.0.2
    # via
    #   naas (pyproject.toml)
    #   pytest-cov
    #   pytest-flask
    #   pytest-mock
pytest-cov==7.0.0
    # via naas (pyproject.toml)
pytest-flask==1.3.0
    # via naas (pyproject.toml)
pytest-mock==3.15.1
    # via naas (pyproject.toml)
python-dateutil==2.9.0.post0
    # via croniter
pytokens==0.4.1
    # via black
pytz==2025.2
    # via
    #   croniter
    #   flask-restful
pyyaml==6.0.3
    # via
    #   naas (pyproject.toml)
    #   netmiko
    #   pre-commit
redis==7.2.0
    # via
    #   naas (pyproject.toml)
    #   fakeredis
    #   rq
rich==14.3.3
    # via netmiko
rq==2.7.0
    # via naas (pyproject.toml)
ruamel-yaml==0.19.1
    # via netmiko
ruff==0.15.2
    # via naas (pyproject.toml)
scp==0.15.0
    # via
    #   naas (pyproject.toml)
    #   netmiko
six==1.17.0
    # via
    #   flask-restful
    #   python-dateutil
sortedcontainers==2.4.0
    # via fakeredis
stack-data==0.6.3
    # via ipython
textfsm==2.1.0
    # via
    #   naas (pyproject.toml)
    #   netmiko
    #   ntc-templates
traitlets==5.14.3
    # via
    #   ipython
    #   matplotlib-inline
typing-extensions==4.15.0
    # via
    #   ipython
    #   mypy
virtualenv==20.38.0
    # via pre-commit
wcwidth==0.6.0
    # via prompt-toolkit
werkzeug==3.1.6
    # via
    #   flask
    #   pytest-flask
