# This file was autogenerated by uv via the following command:
#    uv pip compile pyproject.toml -o requirements.lock
aniso8601==10.0.1
    # via
    #   naas (pyproject.toml)
    #   flask-restful
bcrypt==5.0.0
    # via
    #   naas (pyproject.toml)
    #   paramiko
blinker==1.9.0
    # via flask
cffi==2.0.0
    # via
    #   cryptography
    #   pynacl
click==8.3.1
    # via
    #   flask
    #   rq
croniter==6.0.0
    # via rq
cryptography==46.0.5
    # via
    #   naas (pyproject.toml)
    #   paramiko
flask==3.1.3
    # via
    #   naas (pyproject.toml)
    #   flask-restful
flask-restful==0.3.10
    # via naas (pyproject.toml)
gunicorn==25.1.0
    # via naas (pyproject.toml)
invoke==2.2.1
    # via paramiko
itsdangerous==2.2.0
    # via flask
jinja2==3.1.6
    # via flask
markdown-it-py==4.0.0
    # via rich
markupsafe==3.0.3
    # via
    #   flask
    #   jinja2
    #   werkzeug
mdurl==0.1.2
    # via markdown-it-py
netmiko==4.6.0
    # via naas (pyproject.toml)
ntc-templates==9.0.0
    # via netmiko
packaging==26.0
    # via gunicorn
paramiko==4.0.0
    # via
    #   naas (pyproject.toml)
    #   netmiko
    #   scp
pycparser==3.0
    # via cffi
pygments==2.19.2
    # via rich
pynacl==1.6.2
    # via paramiko
pyserial==3.5
    # via
    #   naas (pyproject.toml)
    #   netmiko
python-dateutil==2.9.0.post0
    # via croniter
pytz==2025.2
    # via
    #   croniter
    #   flask-restful
pyyaml==6.0.3
    # via
    #   naas (pyproject.toml)
    #   netmiko
redis==7.2.0
    # via
    #   naas (pyproject.toml)
    #   rq
rich==14.3.3
    # via netmiko
rq==2.7.0
    # via naas (pyproject.toml)
ruamel-yaml==0.19.1
    # via netmiko
scp==0.15.0
    # via
    #   naas (pyproject.toml)
    #   netmiko
six==1.17.0
    # via
    #   flask-restful
    #   python-dateutil
textfsm==2.1.0
    # via
    #   naas (pyproject.toml)
    #   netmiko
    #   ntc-templates
werkzeug==3.1.6
    # via flask
